Microsoft Visual Studio Solution File, Format Version 11.00
# Visual Studio 2010
Project("{2B14CC11-0DCE-4E67-AF63-7AA00A1DA3DE}") = "brutor", ".dub\brutor.visualdproj", "{7FEB6ACA-365C-4001-B1A8-633C35590C1F}"
	ProjectSection(ProjectDependencies) = postProject
		{39787F1F-0BEF-489A-A2BF-FBAB288C1875} = {39787F1F-0BEF-489A-A2BF-FBAB288C1875}
		{A0D32232-FC7D-4121-9200-A49A91FF9771} = {A0D32232-FC7D-4121-9200-A49A91FF9771}
		{D682271A-BDA4-4110-895C-CB55A123270E} = {D682271A-BDA4-4110-895C-CB55A123270E}
		{17BB532D-88D2-4B07-AF04-D252B58C84F9} = {17BB532D-88D2-4B07-AF04-D252B58C84F9}
		{35F77C8A-7882-413B-9CD1-F083F64A00B0} = {35F77C8A-7882-413B-9CD1-F083F64A00B0}
		{DBB34AB5-A657-44C2-98FE-FF100AEDD9A0} = {DBB34AB5-A657-44C2-98FE-FF100AEDD9A0}
		{A7272F92-CB3B-4C95-907C-7BF1DFA3DAA9} = {A7272F92-CB3B-4C95-907C-7BF1DFA3DAA9}
		{D83E66A9-51DD-4BAF-AC65-6B144B45E131} = {D83E66A9-51DD-4BAF-AC65-6B144B45E131}
		{00184FF3-D093-4669-A902-8F18894ED011} = {00184FF3-D093-4669-A902-8F18894ED011}
		{36508D77-F69F-4891-8A69-756A5FCB8FC4} = {36508D77-F69F-4891-8A69-756A5FCB8FC4}
		{0CA602BC-FA2C-46C9-B968-64A90A1A3E1A} = {0CA602BC-FA2C-46C9-B968-64A90A1A3E1A}
		{A7B6DE27-82EE-4C20-AB87-0D634C722B14} = {A7B6DE27-82EE-4C20-AB87-0D634C722B14}
		{36508D77-F69F-4891-8A69-756A5FCB8FC4} = {36508D77-F69F-4891-8A69-756A5FCB8FC4}
		{1AEA9DD3-CEAC-4AEB-AD78-FDA8FAFD7133} = {1AEA9DD3-CEAC-4AEB-AD78-FDA8FAFD7133}
		{1AEA9DD3-CEAC-4AEB-AD78-FDA8FAFD7133} = {1AEA9DD3-CEAC-4AEB-AD78-FDA8FAFD7133}
		{6366FE62-FBE7-4F1D-942A-6450F329A6BC} = {6366FE62-FBE7-4F1D-942A-6450F329A6BC}
		{E9F7434B-8877-4481-AE86-F32E4EF4EF1F} = {E9F7434B-8877-4481-AE86-F32E4EF4EF1F}
		{95A6532D-B0FD-4FED-884A-B2C582625F1E} = {95A6532D-B0FD-4FED-884A-B2C582625F1E}
		{085DD85D-AB12-4255-AD92-E0174DC1862E} = {085DD85D-AB12-4255-AD92-E0174DC1862E}
	EndProjectSection
EndProject
Project("{2B14CC11-0DCE-4E67-AF63-7AA00A1DA3DE}") = "turtle", ".dub\turtle.visualdproj", "{39787F1F-0BEF-489A-A2BF-FBAB288C1875}"
EndProject
Project("{2B14CC11-0DCE-4E67-AF63-7AA00A1DA3DE}") = "bindbc-sdl", ".dub\bindbc-sdl.visualdproj", "{A0D32232-FC7D-4121-9200-A49A91FF9771}"
EndProject
Project("{2B14CC11-0DCE-4E67-AF63-7AA00A1DA3DE}") = "bindbc-common", ".dub\bindbc-common.visualdproj", "{D682271A-BDA4-4110-895C-CB55A123270E}"
EndProject
Project("{2B14CC11-0DCE-4E67-AF63-7AA00A1DA3DE}") = "bindbc-loader", ".dub\bindbc-loader.visualdproj", "{17BB532D-88D2-4B07-AF04-D252B58C84F9}"
EndProject
Project("{2B14CC11-0DCE-4E67-AF63-7AA00A1DA3DE}") = "canvasity", ".dub\canvasity.visualdproj", "{35F77C8A-7882-413B-9CD1-F083F64A00B0}"
EndProject
Project("{2B14CC11-0DCE-4E67-AF63-7AA00A1DA3DE}") = "colors", ".dub\colors.visualdproj", "{A7272F92-CB3B-4C95-907C-7BF1DFA3DAA9}"
EndProject
Project("{2B14CC11-0DCE-4E67-AF63-7AA00A1DA3DE}") = "dplug:core", ".dub\dplug_core.visualdproj", "{00184FF3-D093-4669-A902-8F18894ED011}"
EndProject
Project("{2B14CC11-0DCE-4E67-AF63-7AA00A1DA3DE}") = "intel-intrinsics", ".dub\intel-intrinsics.visualdproj", "{95A6532D-B0FD-4FED-884A-B2C582625F1E}"
EndProject
Project("{2B14CC11-0DCE-4E67-AF63-7AA00A1DA3DE}") = "numem", ".dub\numem.visualdproj", "{6366FE62-FBE7-4F1D-942A-6450F329A6BC}"
EndProject
Project("{2B14CC11-0DCE-4E67-AF63-7AA00A1DA3DE}") = "gamut", ".dub\gamut.visualdproj", "{0CA602BC-FA2C-46C9-B968-64A90A1A3E1A}"
EndProject
Project("{2B14CC11-0DCE-4E67-AF63-7AA00A1DA3DE}") = "miniz", ".dub\miniz.visualdproj", "{085DD85D-AB12-4255-AD92-E0174DC1862E}"
EndProject
Project("{2B14CC11-0DCE-4E67-AF63-7AA00A1DA3DE}") = "dplug:canvas", ".dub\dplug_canvas.visualdproj", "{DBB34AB5-A657-44C2-98FE-FF100AEDD9A0}"
EndProject
Project("{2B14CC11-0DCE-4E67-AF63-7AA00A1DA3DE}") = "dplug:graphics", ".dub\dplug_graphics.visualdproj", "{D83E66A9-51DD-4BAF-AC65-6B144B45E131}"
EndProject
Project("{2B14CC11-0DCE-4E67-AF63-7AA00A1DA3DE}") = "dplug:math", ".dub\dplug_math.visualdproj", "{36508D77-F69F-4891-8A69-756A5FCB8FC4}"
EndProject
Project("{2B14CC11-0DCE-4E67-AF63-7AA00A1DA3DE}") = "stb_image_resize2-d", ".dub\stb_image_resize2-d.visualdproj", "{A7B6DE27-82EE-4C20-AB87-0D634C722B14}"
EndProject
Project("{2B14CC11-0DCE-4E67-AF63-7AA00A1DA3DE}") = "godot-math", ".dub\godot-math.visualdproj", "{1AEA9DD3-CEAC-4AEB-AD78-FDA8FAFD7133}"
EndProject
Project("{2B14CC11-0DCE-4E67-AF63-7AA00A1DA3DE}") = "text-mode", ".dub\text-mode.visualdproj", "{E9F7434B-8877-4481-AE86-F32E4EF4EF1F}"
EndProject
Global
	GlobalSection(SolutionConfigurationPlatforms) = preSolution
		debug|x64 = debug|x64
	EndGlobalSection
	GlobalSection(ProjectConfigurationPlatforms) = postSolution
		{DBB34AB5-A657-44C2-98FE-FF100AEDD9A0}.debug|x64.ActiveCfg = debug|x64
		{DBB34AB5-A657-44C2-98FE-FF100AEDD9A0}.debug|x64.Build.0 = debug|x64
		{0CA602BC-FA2C-46C9-B968-64A90A1A3E1A}.debug|x64.ActiveCfg = debug|x64
		{0CA602BC-FA2C-46C9-B968-64A90A1A3E1A}.debug|x64.Build.0 = debug|x64
		{D682271A-BDA4-4110-895C-CB55A123270E}.debug|x64.ActiveCfg = debug|x64
		{D682271A-BDA4-4110-895C-CB55A123270E}.debug|x64.Build.0 = debug|x64
		{6366FE62-FBE7-4F1D-942A-6450F329A6BC}.debug|x64.ActiveCfg = debug|x64
		{6366FE62-FBE7-4F1D-942A-6450F329A6BC}.debug|x64.Build.0 = debug|x64
		{36508D77-F69F-4891-8A69-756A5FCB8FC4}.debug|x64.ActiveCfg = debug|x64
		{36508D77-F69F-4891-8A69-756A5FCB8FC4}.debug|x64.Build.0 = debug|x64
		{7FEB6ACA-365C-4001-B1A8-633C35590C1F}.debug|x64.ActiveCfg = debug|x64
		{7FEB6ACA-365C-4001-B1A8-633C35590C1F}.debug|x64.Build.0 = debug|x64
		{00184FF3-D093-4669-A902-8F18894ED011}.debug|x64.ActiveCfg = debug|x64
		{00184FF3-D093-4669-A902-8F18894ED011}.debug|x64.Build.0 = debug|x64
		{A7272F92-CB3B-4C95-907C-7BF1DFA3DAA9}.debug|x64.ActiveCfg = debug|x64
		{A7272F92-CB3B-4C95-907C-7BF1DFA3DAA9}.debug|x64.Build.0 = debug|x64
		{35F77C8A-7882-413B-9CD1-F083F64A00B0}.debug|x64.ActiveCfg = debug|x64
		{35F77C8A-7882-413B-9CD1-F083F64A00B0}.debug|x64.Build.0 = debug|x64
		{085DD85D-AB12-4255-AD92-E0174DC1862E}.debug|x64.ActiveCfg = debug|x64
		{085DD85D-AB12-4255-AD92-E0174DC1862E}.debug|x64.Build.0 = debug|x64
		{A7B6DE27-82EE-4C20-AB87-0D634C722B14}.debug|x64.ActiveCfg = debug|x64
		{A7B6DE27-82EE-4C20-AB87-0D634C722B14}.debug|x64.Build.0 = debug|x64
		{A0D32232-FC7D-4121-9200-A49A91FF9771}.debug|x64.ActiveCfg = debug|x64
		{A0D32232-FC7D-4121-9200-A49A91FF9771}.debug|x64.Build.0 = debug|x64
		{39787F1F-0BEF-489A-A2BF-FBAB288C1875}.debug|x64.ActiveCfg = debug|x64
		{39787F1F-0BEF-489A-A2BF-FBAB288C1875}.debug|x64.Build.0 = debug|x64
		{1AEA9DD3-CEAC-4AEB-AD78-FDA8FAFD7133}.debug|x64.ActiveCfg = debug|x64
		{1AEA9DD3-CEAC-4AEB-AD78-FDA8FAFD7133}.debug|x64.Build.0 = debug|x64
		{D83E66A9-51DD-4BAF-AC65-6B144B45E131}.debug|x64.ActiveCfg = debug|x64
		{D83E66A9-51DD-4BAF-AC65-6B144B45E131}.debug|x64.Build.0 = debug|x64
		{95A6532D-B0FD-4FED-884A-B2C582625F1E}.debug|x64.ActiveCfg = debug|x64
		{95A6532D-B0FD-4FED-884A-B2C582625F1E}.debug|x64.Build.0 = debug|x64
		{E9F7434B-8877-4481-AE86-F32E4EF4EF1F}.debug|x64.ActiveCfg = debug|x64
		{E9F7434B-8877-4481-AE86-F32E4EF4EF1F}.debug|x64.Build.0 = debug|x64
		{17BB532D-88D2-4B07-AF04-D252B58C84F9}.debug|x64.ActiveCfg = debug|x64
		{17BB532D-88D2-4B07-AF04-D252B58C84F9}.debug|x64.Build.0 = debug|x64
	EndGlobalSection
	GlobalSection(SolutionProperties) = preSolution
		HideSolutionNode = FALSE
	EndGlobalSection
EndGlobal
